
Microsoft Visual Studio Solution File, Format Version 12.00
# Visual Studio 15
VisualStudioVersion = 15.0.28010.2036
MinimumVisualStudioVersion = 10.0.40219.1
Project("{9A19103F-16F7-4668-BE54-9A1E7A4F7556}") = "DAL", "DAL\DAL.csproj", "{44D86991-E808-4140-9634-056BE52578FF}"
EndProject
Project("{9A19103F-16F7-4668-BE54-9A1E7A4F7556}") = "BLL", "BLL\BLL.csproj", "{BFC7D184-B051-44EF-A8A4-63544E26FDDD}"
EndProject
Project("{9A19103F-16F7-4668-BE54-9A1E7A4F7556}") = "TestSales", "TestSales\TestSales.csproj", "{137D44D5-E4F8-43A2-92C2-C0F9E9A49E70}"
EndProject
Project("{9A19103F-16F7-4668-BE54-9A1E7A4F7556}") = "Entities", "Entities\Entities.csproj", "{A8262DA2-EE13-4163-986F-0733069951B7}"
EndProject
Project("{FAE04EC0-301F-11D3-BF4B-00C04F79EFBC}") = "SalesWebApp", "SalesWebApp\SalesWebApp.csproj", "{1E945DE9-D4FD-4C2C-8AD6-269100884995}"
EndProject
Global
	GlobalSection(SolutionConfigurationPlatforms) = preSolution
		Debug|Any CPU = Debug|Any CPU
		Release|Any CPU = Release|Any CPU
	EndGlobalSection
	GlobalSection(ProjectConfigurationPlatforms) = postSolution
		{44D86991-E808-4140-9634-056BE52578FF}.Debug|Any CPU.ActiveCfg = Debug|Any CPU
		{44D86991-E808-4140-9634-056BE52578FF}.Debug|Any CPU.Build.0 = Debug|Any CPU
		{44D86991-E808-4140-9634-056BE52578FF}.Release|Any CPU.ActiveCfg = Release|Any CPU
		{44D86991-E808-4140-9634-056BE52578FF}.Release|Any CPU.Build.0 = Release|Any CPU
		{BFC7D184-B051-44EF-A8A4-63544E26FDDD}.Debug|Any CPU.ActiveCfg = Debug|Any CPU
		{BFC7D184-B051-44EF-A8A4-63544E26FDDD}.Debug|Any CPU.Build.0 = Debug|Any CPU
		{BFC7D184-B051-44EF-A8A4-63544E26FDDD}.Release|Any CPU.ActiveCfg = Release|Any CPU
		{BFC7D184-B051-44EF-A8A4-63544E26FDDD}.Release|Any CPU.Build.0 = Release|Any CPU
		{137D44D5-E4F8-43A2-92C2-C0F9E9A49E70}.Debug|Any CPU.ActiveCfg = Debug|Any CPU
		{137D44D5-E4F8-43A2-92C2-C0F9E9A49E70}.Debug|Any CPU.Build.0 = Debug|Any CPU
		{137D44D5-E4F8-43A2-92C2-C0F9E9A49E70}.Release|Any CPU.ActiveCfg = Release|Any CPU
		{137D44D5-E4F8-43A2-92C2-C0F9E9A49E70}.Release|Any CPU.Build.0 = Release|Any CPU
		{A8262DA2-EE13-4163-986F-0733069951B7}.Debug|Any CPU.ActiveCfg = Debug|Any CPU
		{A8262DA2-EE13-4163-986F-0733069951B7}.Debug|Any CPU.Build.0 = Debug|Any CPU
		{A8262DA2-EE13-4163-986F-0733069951B7}.Release|Any CPU.ActiveCfg = Release|Any CPU
		{A8262DA2-EE13-4163-986F-0733069951B7}.Release|Any CPU.Build.0 = Release|Any CPU
		{1E945DE9-D4FD-4C2C-8AD6-269100884995}.Debug|Any CPU.ActiveCfg = Debug|Any CPU
		{1E945DE9-D4FD-4C2C-8AD6-269100884995}.Debug|Any CPU.Build.0 = Debug|Any CPU
		{1E945DE9-D4FD-4C2C-8AD6-269100884995}.Release|Any CPU.ActiveCfg = Release|Any CPU
		{1E945DE9-D4FD-4C2C-8AD6-269100884995}.Release|Any CPU.Build.0 = Release|Any CPU
	EndGlobalSection
	GlobalSection(SolutionProperties) = preSolution
		HideSolutionNode = FALSE
	EndGlobalSection
	GlobalSection(ExtensibilityGlobals) = postSolution
		SolutionGuid = {83A2485E-6A67-415B-AFEF-48A3CBDC7D96}
	EndGlobalSection
EndGlobal
